{
  "pins" : [
    {
      "identity" : "sdwebimage",
      "kind" : "remoteSourceControl",
      "location" : "https://github.com/SDWebImage/SDWebImage.git",
      "state" : {
        "branch" : "master",
        "revision" : "f25cc6bb1c595ef0165039360534d587e451ff8a"
      }
    },
    {
      "identity" : "sdwebimagesvgcoder",
      "kind" : "remoteSourceControl",
      "location" : "https://github.com/SDWebImage/SDWebImageSVGCoder.git",
      "state" : {
        "revision" : "afbe025cbdae37c20c144956fbabc07ddd5c0fc2",
        "version" : "1.6.1"
      }
    }
  ],
  "version" : 2
}
