// !$*UTF8*$!
{
	archiveVersion = 1;
	classes = {
	};
	objectVersion = 56;
	objects = {

/* Begin PBXBuildFile section */
		2E05AD632986E103001F8544 /* SDWebImage in Frameworks */ = {isa = PBXBuildFile; productRef = 2E05AD622986E103001F8544 /* SDWebImage */; };
		2E05AD652986E103001F8544 /* SDWebImageMapKit in Frameworks */ = {isa = PBXBuildFile; productRef = 2E05AD642986E103001F8544 /* SDWebImageMapKit */; };
		2E05AD682986E152001F8544 /* SDWebImageSVGCoder in Frameworks */ = {isa = PBXBuildFile; productRef = 2E05AD672986E152001F8544 /* SDWebImageSVGCoder */; };
		2E22AB6A29869AF8007116B5 /* APIConstants.swift in Sources */ = {isa = PBXBuildFile; fileRef = 2E22AB6929869AF8007116B5 /* APIConstants.swift */; };
		2E27F20929856F4200898B36 /* CryptoListViewModel.swift in Sources */ = {isa = PBXBuildFile; fileRef = 2E27F20829856F4200898B36 /* CryptoListViewModel.swift */; };
		2E2E210829856842000F0906 /* APICaller.swift in Sources */ = {isa = PBXBuildFile; fileRef = 2E2E210729856842000F0906 /* APICaller.swift */; };
		2E30E9D32988703C00842FB3 /* CoinTableViewCell.swift in Sources */ = {isa = PBXBuildFile; fileRef = 2E30E9D12988703C00842FB3 /* CoinTableViewCell.swift */; };
		2E30E9D42988703C00842FB3 /* CoinTableViewCell.xib in Resources */ = {isa = PBXBuildFile; fileRef = 2E30E9D22988703C00842FB3 /* CoinTableViewCell.xib */; };
		2E425EE62987E7B9005A16EA /* Desing.swift in Sources */ = {isa = PBXBuildFile; fileRef = 2E425EE52987E7B9005A16EA /* Desing.swift */; };
		2E61358C2988DE7A00A976BB /* DetailViewController.swift in Sources */ = {isa = PBXBuildFile; fileRef = 2E61358B2988DE7A00A976BB /* DetailViewController.swift */; };
		2E651FC0298A9D980018F1BB /* LogoAnimationViewController.swift in Sources */ = {isa = PBXBuildFile; fileRef = 2E651FBF298A9D980018F1BB /* LogoAnimationViewController.swift */; };
		2E651FC2298AA08F0018F1BB /* SplashScreenViewController.swift in Sources */ = {isa = PBXBuildFile; fileRef = 2E651FC1298AA08F0018F1BB /* SplashScreenViewController.swift */; };
		2E651FC4298AA3BD0018F1BB /* cryptos1.gif in Resources */ = {isa = PBXBuildFile; fileRef = 2E651FC3298AA3BD0018F1BB /* cryptos1.gif */; };
		2EF93B8F2985408B00BAF7E4 /* AppDelegate.swift in Sources */ = {isa = PBXBuildFile; fileRef = 2EF93B8E2985408B00BAF7E4 /* AppDelegate.swift */; };
		2EF93B912985408B00BAF7E4 /* SceneDelegate.swift in Sources */ = {isa = PBXBuildFile; fileRef = 2EF93B902985408B00BAF7E4 /* SceneDelegate.swift */; };
		2EF93B932985408B00BAF7E4 /* ViewController.swift in Sources */ = {isa = PBXBuildFile; fileRef = 2EF93B922985408B00BAF7E4 /* ViewController.swift */; };
		2EF93B962985408B00BAF7E4 /* Main.storyboard in Resources */ = {isa = PBXBuildFile; fileRef = 2EF93B942985408B00BAF7E4 /* Main.storyboard */; };
		2EF93B982985408D00BAF7E4 /* Assets.xcassets in Resources */ = {isa = PBXBuildFile; fileRef = 2EF93B972985408D00BAF7E4 /* Assets.xcassets */; };
		2EF93B9B2985408D00BAF7E4 /* LaunchScreen.storyboard in Resources */ = {isa = PBXBuildFile; fileRef = 2EF93B992985408D00BAF7E4 /* LaunchScreen.storyboard */; };
		2EF93BA5298544C000BAF7E4 /* CryptoModels.swift in Sources */ = {isa = PBXBuildFile; fileRef = 2EF93BA4298544C000BAF7E4 /* CryptoModels.swift */; };
/* End PBXBuildFile section */

/* Begin PBXFileReference section */
		2E22AB6929869AF8007116B5 /* APIConstants.swift */ = {isa = PBXFileReference; lastKnownFileType = sourcecode.swift; path = APIConstants.swift; sourceTree = "<group>"; };
		2E27F20829856F4200898B36 /* CryptoListViewModel.swift */ = {isa = PBXFileReference; lastKnownFileType = sourcecode.swift; path = CryptoListViewModel.swift; sourceTree = "<group>"; };
		2E2E210729856842000F0906 /* APICaller.swift */ = {isa = PBXFileReference; lastKnownFileType = sourcecode.swift; path = APICaller.swift; sourceTree = "<group>"; };
		2E30E9D12988703C00842FB3 /* CoinTableViewCell.swift */ = {isa = PBXFileReference; lastKnownFileType = sourcecode.swift; path = CoinTableViewCell.swift; sourceTree = "<group>"; };
		2E30E9D22988703C00842FB3 /* CoinTableViewCell.xib */ = {isa = PBXFileReference; lastKnownFileType = file.xib; path = CoinTableViewCell.xib; sourceTree = "<group>"; };
		2E425EE52987E7B9005A16EA /* Desing.swift */ = {isa = PBXFileReference; lastKnownFileType = sourcecode.swift; path = Desing.swift; sourceTree = "<group>"; };
		2E61358B2988DE7A00A976BB /* DetailViewController.swift */ = {isa = PBXFileReference; lastKnownFileType = sourcecode.swift; path = DetailViewController.swift; sourceTree = "<group>"; };
		2E651FBF298A9D980018F1BB /* LogoAnimationViewController.swift */ = {isa = PBXFileReference; lastKnownFileType = sourcecode.swift; path = LogoAnimationViewController.swift; sourceTree = "<group>"; };
		2E651FC1298AA08F0018F1BB /* SplashScreenViewController.swift */ = {isa = PBXFileReference; lastKnownFileType = sourcecode.swift; path = SplashScreenViewController.swift; sourceTree = "<group>"; };
		2E651FC3298AA3BD0018F1BB /* cryptos1.gif */ = {isa = PBXFileReference; lastKnownFileType = image.gif; path = cryptos1.gif; sourceTree = "<group>"; };
		2EF93B8B2985408B00BAF7E4 /* CryptoCase.app */ = {isa = PBXFileReference; explicitFileType = wrapper.application; includeInIndex = 0; path = CryptoCase.app; sourceTree = BUILT_PRODUCTS_DIR; };
		2EF93B8E2985408B00BAF7E4 /* AppDelegate.swift */ = {isa = PBXFileReference; lastKnownFileType = sourcecode.swift; path = AppDelegate.swift; sourceTree = "<group>"; };
		2EF93B902985408B00BAF7E4 /* SceneDelegate.swift */ = {isa = PBXFileReference; lastKnownFileType = sourcecode.swift; path = SceneDelegate.swift; sourceTree = "<group>"; };
		2EF93B922985408B00BAF7E4 /* ViewController.swift */ = {isa = PBXFileReference; lastKnownFileType = sourcecode.swift; path = ViewController.swift; sourceTree = "<group>"; };
		2EF93B952985408B00BAF7E4 /* Base */ = {isa = PBXFileReference; lastKnownFileType = file.storyboard; name = Base; path = Base.lproj/Main.storyboard; sourceTree = "<group>"; };
		2EF93B972985408D00BAF7E4 /* Assets.xcassets */ = {isa = PBXFileReference; lastKnownFileType = folder.assetcatalog; path = Assets.xcassets; sourceTree = "<group>"; };
		2EF93B9A2985408D00BAF7E4 /* Base */ = {isa = PBXFileReference; lastKnownFileType = file.storyboard; name = Base; path = Base.lproj/LaunchScreen.storyboard; sourceTree = "<group>"; };
		2EF93B9C2985408D00BAF7E4 /* Info.plist */ = {isa = PBXFileReference; lastKnownFileType = text.plist.xml; path = Info.plist; sourceTree = "<group>"; };
		2EF93BA4298544C000BAF7E4 /* CryptoModels.swift */ = {isa = PBXFileReference; lastKnownFileType = sourcecode.swift; path = CryptoModels.swift; sourceTree = "<group>"; };
/* End PBXFileReference section */

/* Begin PBXFrameworksBuildPhase section */
		2EF93B882985408B00BAF7E4 /* Frameworks */ = {
			isa = PBXFrameworksBuildPhase;
			buildActionMask = 2147483647;
			files = (
				2E05AD682986E152001F8544 /* SDWebImageSVGCoder in Frameworks */,
				2E05AD652986E103001F8544 /* SDWebImageMapKit in Frameworks */,
				2E05AD632986E103001F8544 /* SDWebImage in Frameworks */,
			);
			runOnlyForDeploymentPostprocessing = 0;
		};
/* End PBXFrameworksBuildPhase section */

/* Begin PBXGroup section */
		2E27F20A29857B2B00898B36 /* ViewModel */ = {
			isa = PBXGroup;
			children = (
				2E27F20829856F4200898B36 /* CryptoListViewModel.swift */,
			);
			path = ViewModel;
			sourceTree = "<group>";
		};
		2EF93B822985408B00BAF7E4 = {
			isa = PBXGroup;
			children = (
				2EF93B8D2985408B00BAF7E4 /* CryptoCase */,
				2EF93B8C2985408B00BAF7E4 /* Products */,
			);
			sourceTree = "<group>";
		};
		2EF93B8C2985408B00BAF7E4 /* Products */ = {
			isa = PBXGroup;
			children = (
				2EF93B8B2985408B00BAF7E4 /* CryptoCase.app */,
			);
			name = Products;
			sourceTree = "<group>";
		};
		2EF93B8D2985408B00BAF7E4 /* CryptoCase */ = {
			isa = PBXGroup;
			children = (
				2EF93BA92985452200BAF7E4 /* Webservices */,
				2EF93BA82985450300BAF7E4 /* Resources */,
				2E27F20A29857B2B00898B36 /* ViewModel */,
				2EF93BA7298544FE00BAF7E4 /* Models */,
				2EF93BA6298544F400BAF7E4 /* Views */,
				2EF93B942985408B00BAF7E4 /* Main.storyboard */,
				2EF93B972985408D00BAF7E4 /* Assets.xcassets */,
				2EF93B992985408D00BAF7E4 /* LaunchScreen.storyboard */,
				2EF93B9C2985408D00BAF7E4 /* Info.plist */,
			);
			path = CryptoCase;
			sourceTree = "<group>";
		};
		2EF93BA6298544F400BAF7E4 /* Views */ = {
			isa = PBXGroup;
			children = (
				2E425EE52987E7B9005A16EA /* Desing.swift */,
				2E651FC3298AA3BD0018F1BB /* cryptos1.gif */,
				2EF93BAB2985454400BAF7E4 /* Cells */,
				2EF93BAA2985453D00BAF7E4 /* Controller */,
			);
			path = Views;
			sourceTree = "<group>";
		};
		2EF93BA7298544FE00BAF7E4 /* Models */ = {
			isa = PBXGroup;
			children = (
				2EF93BA4298544C000BAF7E4 /* CryptoModels.swift */,
			);
			path = Models;
			sourceTree = "<group>";
		};
		2EF93BA82985450300BAF7E4 /* Resources */ = {
			isa = PBXGroup;
			children = (
				2EF93B8E2985408B00BAF7E4 /* AppDelegate.swift */,
				2EF93B902985408B00BAF7E4 /* SceneDelegate.swift */,
			);
			path = Resources;
			sourceTree = "<group>";
		};
		2EF93BA92985452200BAF7E4 /* Webservices */ = {
			isa = PBXGroup;
			children = (
				2E2E210729856842000F0906 /* APICaller.swift */,
				2E22AB6929869AF8007116B5 /* APIConstants.swift */,
			);
			path = Webservices;
			sourceTree = "<group>";
		};
		2EF93BAA2985453D00BAF7E4 /* Controller */ = {
			isa = PBXGroup;
			children = (
				2EF93B922985408B00BAF7E4 /* ViewController.swift */,
				2E61358B2988DE7A00A976BB /* DetailViewController.swift */,
				2E651FBF298A9D980018F1BB /* LogoAnimationViewController.swift */,
				2E651FC1298AA08F0018F1BB /* SplashScreenViewController.swift */,
			);
			path = Controller;
			sourceTree = "<group>";
		};
		2EF93BAB2985454400BAF7E4 /* Cells */ = {
			isa = PBXGroup;
			children = (
				2E30E9D12988703C00842FB3 /* CoinTableViewCell.swift */,
				2E30E9D22988703C00842FB3 /* CoinTableViewCell.xib */,
			);
			path = Cells;
			sourceTree = "<group>";
		};
/* End PBXGroup section */

/* Begin PBXNativeTarget section */
		2EF93B8A2985408B00BAF7E4 /* CryptoCase */ = {
			isa = PBXNativeTarget;
			buildConfigurationList = 2EF93B9F2985408D00BAF7E4 /* Build configuration list for PBXNativeTarget "CryptoCase" */;
			buildPhases = (
				2EF93B872985408B00BAF7E4 /* Sources */,
				2EF93B882985408B00BAF7E4 /* Frameworks */,
				2EF93B892985408B00BAF7E4 /* Resources */,
			);
			buildRules = (
			);
			dependencies = (
			);
			name = CryptoCase;
			packageProductDependencies = (
				2E05AD622986E103001F8544 /* SDWebImage */,
				2E05AD642986E103001F8544 /* SDWebImageMapKit */,
				2E05AD672986E152001F8544 /* SDWebImageSVGCoder */,
			);
			productName = CryptoCase;
			productReference = 2EF93B8B2985408B00BAF7E4 /* CryptoCase.app */;
			productType = "com.apple.product-type.application";
		};
/* End PBXNativeTarget section */

/* Begin PBXProject section */
		2EF93B832985408B00BAF7E4 /* Project object */ = {
			isa = PBXProject;
			attributes = {
				BuildIndependentTargetsInParallel = 1;
				LastSwiftUpdateCheck = 1420;
				LastUpgradeCheck = 1420;
				TargetAttributes = {
					2EF93B8A2985408B00BAF7E4 = {
						CreatedOnToolsVersion = 14.2;
					};
				};
			};
			buildConfigurationList = 2EF93B862985408B00BAF7E4 /* Build configuration list for PBXProject "CryptoCase" */;
			compatibilityVersion = "Xcode 14.0";
			developmentRegion = en;
			hasScannedForEncodings = 0;
			knownRegions = (
				en,
				Base,
			);
			mainGroup = 2EF93B822985408B00BAF7E4;
			packageReferences = (
				2E05AD612986E103001F8544 /* XCRemoteSwiftPackageReference "SDWebImage" */,
				2E05AD662986E152001F8544 /* XCRemoteSwiftPackageReference "SDWebImageSVGCoder" */,
			);
			productRefGroup = 2EF93B8C2985408B00BAF7E4 /* Products */;
			projectDirPath = "";
			projectRoot = "";
			targets = (
				2EF93B8A2985408B00BAF7E4 /* CryptoCase */,
			);
		};
/* End PBXProject section */

/* Begin PBXResourcesBuildPhase section */
		2EF93B892985408B00BAF7E4 /* Resources */ = {
			isa = PBXResourcesBuildPhase;
			buildActionMask = 2147483647;
			files = (
				2EF93B9B2985408D00BAF7E4 /* LaunchScreen.storyboard in Resources */,
				2E651FC4298AA3BD0018F1BB /* cryptos1.gif in Resources */,
				2E30E9D42988703C00842FB3 /* CoinTableViewCell.xib in Resources */,
				2EF93B982985408D00BAF7E4 /* Assets.xcassets in Resources */,
				2EF93B962985408B00BAF7E4 /* Main.storyboard in Resources */,
			);
			runOnlyForDeploymentPostprocessing = 0;
		};
/* End PBXResourcesBuildPhase section */

/* Begin PBXSourcesBuildPhase section */
		2EF93B872985408B00BAF7E4 /* Sources */ = {
			isa = PBXSourcesBuildPhase;
			buildActionMask = 2147483647;
			files = (
				2E2E210829856842000F0906 /* APICaller.swift in Sources */,
				2EF93B932985408B00BAF7E4 /* ViewController.swift in Sources */,
				2E651FC2298AA08F0018F1BB /* SplashScreenViewController.swift in Sources */,
				2E651FC0298A9D980018F1BB /* LogoAnimationViewController.swift in Sources */,
				2E27F20929856F4200898B36 /* CryptoListViewModel.swift in Sources */,
				2E22AB6A29869AF8007116B5 /* APIConstants.swift in Sources */,
				2E30E9D32988703C00842FB3 /* CoinTableViewCell.swift in Sources */,
				2E425EE62987E7B9005A16EA /* Desing.swift in Sources */,
				2EF93B8F2985408B00BAF7E4 /* AppDelegate.swift in Sources */,
				2E61358C2988DE7A00A976BB /* DetailViewController.swift in Sources */,
				2EF93BA5298544C000BAF7E4 /* CryptoModels.swift in Sources */,
				2EF93B912985408B00BAF7E4 /* SceneDelegate.swift in Sources */,
			);
			runOnlyForDeploymentPostprocessing = 0;
		};
/* End PBXSourcesBuildPhase section */

/* Begin PBXVariantGroup section */
		2EF93B942985408B00BAF7E4 /* Main.storyboard */ = {
			isa = PBXVariantGroup;
			children = (
				2EF93B952985408B00BAF7E4 /* Base */,
			);
			name = Main.storyboard;
			sourceTree = "<group>";
		};
		2EF93B992985408D00BAF7E4 /* LaunchScreen.storyboard */ = {
			isa = PBXVariantGroup;
			children = (
				2EF93B9A2985408D00BAF7E4 /* Base */,
			);
			name = LaunchScreen.storyboard;
			sourceTree = "<group>";
		};
/* End PBXVariantGroup section */

/* Begin XCBuildConfiguration section */
		2EF93B9D2985408D00BAF7E4 /* Debug */ = {
			isa = XCBuildConfiguration;
			buildSettings = {
				ALWAYS_SEARCH_USER_PATHS = NO;
				CLANG_ANALYZER_NONNULL = YES;
				CLANG_ANALYZER_NUMBER_OBJECT_CONVERSION = YES_AGGRESSIVE;
				CLANG_CXX_LANGUAGE_STANDARD = "gnu++20";
				CLANG_ENABLE_MODULES = YES;
				CLANG_ENABLE_OBJC_ARC = YES;
				CLANG_ENABLE_OBJC_WEAK = YES;
				CLANG_WARN_BLOCK_CAPTURE_AUTORELEASING = YES;
				CLANG_WARN_BOOL_CONVERSION = YES;
				CLANG_WARN_COMMA = YES;
				CLANG_WARN_CONSTANT_CONVERSION = YES;
				CLANG_WARN_DEPRECATED_OBJC_IMPLEMENTATIONS = YES;
				CLANG_WARN_DIRECT_OBJC_ISA_USAGE = YES_ERROR;
				CLANG_WARN_DOCUMENTATION_COMMENTS = YES;
				CLANG_WARN_EMPTY_BODY = YES;
				CLANG_WARN_ENUM_CONVERSION = YES;
				CLANG_WARN_INFINITE_RECURSION = YES;
				CLANG_WARN_INT_CONVERSION = YES;
				CLANG_WARN_NON_LITERAL_NULL_CONVERSION = YES;
				CLANG_WARN_OBJC_IMPLICIT_RETAIN_SELF = YES;
				CLANG_WARN_OBJC_LITERAL_CONVERSION = YES;
				CLANG_WARN_OBJC_ROOT_CLASS = YES_ERROR;
				CLANG_WARN_QUOTED_INCLUDE_IN_FRAMEWORK_HEADER = YES;
				CLANG_WARN_RANGE_LOOP_ANALYSIS = YES;
				CLANG_WARN_STRICT_PROTOTYPES = YES;
				CLANG_WARN_SUSPICIOUS_MOVE = YES;
				CLANG_WARN_UNGUARDED_AVAILABILITY = YES_AGGRESSIVE;
				CLANG_WARN_UNREACHABLE_CODE = YES;
				CLANG_WARN__DUPLICATE_METHOD_MATCH = YES;
				COPY_PHASE_STRIP = NO;
				DEBUG_INFORMATION_FORMAT = dwarf;
				ENABLE_STRICT_OBJC_MSGSEND = YES;
				ENABLE_TESTABILITY = YES;
				GCC_C_LANGUAGE_STANDARD = gnu11;
				GCC_DYNAMIC_NO_PIC = NO;
				GCC_NO_COMMON_BLOCKS = YES;
				GCC_OPTIMIZATION_LEVEL = 0;
				GCC_PREPROCESSOR_DEFINITIONS = (
					"DEBUG=1",
					"$(inherited)",
				);
				GCC_WARN_64_TO_32_BIT_CONVERSION = YES;
				GCC_WARN_ABOUT_RETURN_TYPE = YES_ERROR;
				GCC_WARN_UNDECLARED_SELECTOR = YES;
				GCC_WARN_UNINITIALIZED_AUTOS = YES_AGGRESSIVE;
				GCC_WARN_UNUSED_FUNCTION = YES;
				GCC_WARN_UNUSED_VARIABLE = YES;
				IPHONEOS_DEPLOYMENT_TARGET = 16.2;
				MTL_ENABLE_DEBUG_INFO = INCLUDE_SOURCE;
				MTL_FAST_MATH = YES;
				ONLY_ACTIVE_ARCH = YES;
				SDKROOT = iphoneos;
				SWIFT_ACTIVE_COMPILATION_CONDITIONS = DEBUG;
				SWIFT_OPTIMIZATION_LEVEL = "-Onone";
			};
			name = Debug;
		};
		2EF93B9E2985408D00BAF7E4 /* Release */ = {
			isa = XCBuildConfiguration;
			buildSettings = {
				ALWAYS_SEARCH_USER_PATHS = NO;
				CLANG_ANALYZER_NONNULL = YES;
				CLANG_ANALYZER_NUMBER_OBJECT_CONVERSION = YES_AGGRESSIVE;
				CLANG_CXX_LANGUAGE_STANDARD = "gnu++20";
				CLANG_ENABLE_MODULES = YES;
				CLANG_ENABLE_OBJC_ARC = YES;
				CLANG_ENABLE_OBJC_WEAK = YES;
				CLANG_WARN_BLOCK_CAPTURE_AUTORELEASING = YES;
				CLANG_WARN_BOOL_CONVERSION = YES;
				CLANG_WARN_COMMA = YES;
				CLANG_WARN_CONSTANT_CONVERSION = YES;
				CLANG_WARN_DEPRECATED_OBJC_IMPLEMENTATIONS = YES;
				CLANG_WARN_DIRECT_OBJC_ISA_USAGE = YES_ERROR;
				CLANG_WARN_DOCUMENTATION_COMMENTS = YES;
				CLANG_WARN_EMPTY_BODY = YES;
				CLANG_WARN_ENUM_CONVERSION = YES;
				CLANG_WARN_INFINITE_RECURSION = YES;
				CLANG_WARN_INT_CONVERSION = YES;
				CLANG_WARN_NON_LITERAL_NULL_CONVERSION = YES;
				CLANG_WARN_OBJC_IMPLICIT_RETAIN_SELF = YES;
				CLANG_WARN_OBJC_LITERAL_CONVERSION = YES;
				CLANG_WARN_OBJC_ROOT_CLASS = YES_ERROR;
				CLANG_WARN_QUOTED_INCLUDE_IN_FRAMEWORK_HEADER = YES;
				CLANG_WARN_RANGE_LOOP_ANALYSIS = YES;
				CLANG_WARN_STRICT_PROTOTYPES = YES;
				CLANG_WARN_SUSPICIOUS_MOVE = YES;
				CLANG_WARN_UNGUARDED_AVAILABILITY = YES_AGGRESSIVE;
				CLANG_WARN_UNREACHABLE_CODE = YES;
				CLANG_WARN__DUPLICATE_METHOD_MATCH = YES;
				COPY_PHASE_STRIP = NO;
				DEBUG_INFORMATION_FORMAT = "dwarf-with-dsym";
				ENABLE_NS_ASSERTIONS = NO;
				ENABLE_STRICT_OBJC_MSGSEND = YES;
				GCC_C_LANGUAGE_STANDARD = gnu11;
				GCC_NO_COMMON_BLOCKS = YES;
				GCC_WARN_64_TO_32_BIT_CONVERSION = YES;
				GCC_WARN_ABOUT_RETURN_TYPE = YES_ERROR;
				GCC_WARN_UNDECLARED_SELECTOR = YES;
				GCC_WARN_UNINITIALIZED_AUTOS = YES_AGGRESSIVE;
				GCC_WARN_UNUSED_FUNCTION = YES;
				GCC_WARN_UNUSED_VARIABLE = YES;
				IPHONEOS_DEPLOYMENT_TARGET = 16.2;
				MTL_ENABLE_DEBUG_INFO = NO;
				MTL_FAST_MATH = YES;
				SDKROOT = iphoneos;
				SWIFT_COMPILATION_MODE = wholemodule;
				SWIFT_OPTIMIZATION_LEVEL = "-O";
				VALIDATE_PRODUCT = YES;
			};
			name = Release;
		};
		2EF93BA02985408D00BAF7E4 /* Debug */ = {
			isa = XCBuildConfiguration;
			buildSettings = {
				ASSETCATALOG_COMPILER_APPICON_NAME = AppIcon;
				ASSETCATALOG_COMPILER_GLOBAL_ACCENT_COLOR_NAME = AccentColor;
				CODE_SIGN_STYLE = Automatic;
				CURRENT_PROJECT_VERSION = 1;
				DEVELOPMENT_TEAM = 5NLA9X8HU2;
				GENERATE_INFOPLIST_FILE = YES;
				INFOPLIST_FILE = CryptoCase/Info.plist;
				INFOPLIST_KEY_UIApplicationSupportsIndirectInputEvents = YES;
				INFOPLIST_KEY_UILaunchStoryboardName = LaunchScreen;
				INFOPLIST_KEY_UIMainStoryboardFile = Main;
				INFOPLIST_KEY_UISupportedInterfaceOrientations_iPad = "UIInterfaceOrientationPortrait UIInterfaceOrientationPortraitUpsideDown UIInterfaceOrientationLandscapeLeft UIInterfaceOrientationLandscapeRight";
				INFOPLIST_KEY_UISupportedInterfaceOrientations_iPhone = "UIInterfaceOrientationPortrait UIInterfaceOrientationLandscapeLeft UIInterfaceOrientationLandscapeRight";
				LD_RUNPATH_SEARCH_PATHS = (
					"$(inherited)",
					"@executable_path/Frameworks",
				);
				MARKETING_VERSION = 1.0;
				PRODUCT_BUNDLE_IDENTIFIER = com.mbuyukplevne.CryptoCase;
				PRODUCT_NAME = "$(TARGET_NAME)";
				SWIFT_EMIT_LOC_STRINGS = YES;
				SWIFT_VERSION = 5.0;
				TARGETED_DEVICE_FAMILY = "1,2";
			};
			name = Debug;
		};
		2EF93BA12985408D00BAF7E4 /* Release */ = {
			isa = XCBuildConfiguration;
			buildSettings = {
				ASSETCATALOG_COMPILER_APPICON_NAME = AppIcon;
				ASSETCATALOG_COMPILER_GLOBAL_ACCENT_COLOR_NAME = AccentColor;
				CODE_SIGN_STYLE = Automatic;
				CURRENT_PROJECT_VERSION = 1;
				DEVELOPMENT_TEAM = 5NLA9X8HU2;
				GENERATE_INFOPLIST_FILE = YES;
				INFOPLIST_FILE = CryptoCase/Info.plist;
				INFOPLIST_KEY_UIApplicationSupportsIndirectInputEvents = YES;
				INFOPLIST_KEY_UILaunchStoryboardName = LaunchScreen;
				INFOPLIST_KEY_UIMainStoryboardFile = Main;
				INFOPLIST_KEY_UISupportedInterfaceOrientations_iPad = "UIInterfaceOrientationPortrait UIInterfaceOrientationPortraitUpsideDown UIInterfaceOrientationLandscapeLeft UIInterfaceOrientationLandscapeRight";
				INFOPLIST_KEY_UISupportedInterfaceOrientations_iPhone = "UIInterfaceOrientationPortrait UIInterfaceOrientationLandscapeLeft UIInterfaceOrientationLandscapeRight";
				LD_RUNPATH_SEARCH_PATHS = (
					"$(inherited)",
					"@executable_path/Frameworks",
				);
				MARKETING_VERSION = 1.0;
				PRODUCT_BUNDLE_IDENTIFIER = com.mbuyukplevne.CryptoCase;
				PRODUCT_NAME = "$(TARGET_NAME)";
				SWIFT_EMIT_LOC_STRINGS = YES;
				SWIFT_VERSION = 5.0;
				TARGETED_DEVICE_FAMILY = "1,2";
			};
			name = Release;
		};
/* End XCBuildConfiguration section */

/* Begin XCConfigurationList section */
		2EF93B862985408B00BAF7E4 /* Build configuration list for PBXProject "CryptoCase" */ = {
			isa = XCConfigurationList;
			buildConfigurations = (
				2EF93B9D2985408D00BAF7E4 /* Debug */,
				2EF93B9E2985408D00BAF7E4 /* Release */,
			);
			defaultConfigurationIsVisible = 0;
			defaultConfigurationName = Release;
		};
		2EF93B9F2985408D00BAF7E4 /* Build configuration list for PBXNativeTarget "CryptoCase" */ = {
			isa = XCConfigurationList;
			buildConfigurations = (
				2EF93BA02985408D00BAF7E4 /* Debug */,
				2EF93BA12985408D00BAF7E4 /* Release */,
			);
			defaultConfigurationIsVisible = 0;
			defaultConfigurationName = Release;
		};
/* End XCConfigurationList section */

/* Begin XCRemoteSwiftPackageReference section */
		2E05AD612986E103001F8544 /* XCRemoteSwiftPackageReference "SDWebImage" */ = {
			isa = XCRemoteSwiftPackageReference;
			repositoryURL = "https://github.com/SDWebImage/SDWebImage.git";
			requirement = {
				branch = master;
				kind = branch;
			};
		};
		2E05AD662986E152001F8544 /* XCRemoteSwiftPackageReference "SDWebImageSVGCoder" */ = {
			isa = XCRemoteSwiftPackageReference;
			repositoryURL = "https://github.com/SDWebImage/SDWebImageSVGCoder.git";
			requirement = {
				kind = upToNextMajorVersion;
				minimumVersion = 1.0.0;
			};
		};
/* End XCRemoteSwiftPackageReference section */

/* Begin XCSwiftPackageProductDependency section */
		2E05AD622986E103001F8544 /* SDWebImage */ = {
			isa = XCSwiftPackageProductDependency;
			package = 2E05AD612986E103001F8544 /* XCRemoteSwiftPackageReference "SDWebImage" */;
			productName = SDWebImage;
		};
		2E05AD642986E103001F8544 /* SDWebImageMapKit */ = {
			isa = XCSwiftPackageProductDependency;
			package = 2E05AD612986E103001F8544 /* XCRemoteSwiftPackageReference "SDWebImage" */;
			productName = SDWebImageMapKit;
		};
		2E05AD672986E152001F8544 /* SDWebImageSVGCoder */ = {
			isa = XCSwiftPackageProductDependency;
			package = 2E05AD662986E152001F8544 /* XCRemoteSwiftPackageReference "SDWebImageSVGCoder" */;
			productName = SDWebImageSVGCoder;
		};
/* End XCSwiftPackageProductDependency section */
	};
	rootObject = 2EF93B832985408B00BAF7E4 /* Project object */;
}
